# THIS IS AN AUTOGENERATED FILE. DO NOT EDIT THIS FILE DIRECTLY.
# yarn lockfile v1


"@emmetio/extract-abbreviation@0.1.6":
  version "0.1.6"
  resolved "https://nexus.p.whcyit.com/repository/npm-group/@emmetio/extract-abbreviation/-/extract-abbreviation-0.1.6.tgz#e4a9856c1057f0aff7d443b8536477c243abe28c"
  integrity sha1-5KmFbBBX8K/31EO4U2R3wkOr4ow=

"@tootallnate/once@1":
  version "1.1.2"
  resolved "https://nexus.p.whcyit.com/repository/npm-group/@tootallnate/once/-/once-1.1.2.tgz#ccb91445360179a04e7fe6aff78c00ffc1eeaf82"
  integrity sha1-zLkURTYBeaBOf+av94wA/8Hur4I=

"@types/vscode@^1.29.0":
  version "1.56.0"
  resolved "https://nexus.p.whcyit.com/repository/npm-group/@types/vscode/-/vscode-1.56.0.tgz#2a75ee6d66e529295648b0b6ee43824564ed9c1a"
  integrity sha1-KnXubWblKSlWSLC27kOCRWTtnBo=

agent-base@6:
  version "6.0.2"
  resolved "https://nexus.p.whcyit.com/repository/npm-group/agent-base/-/agent-base-6.0.2.tgz#49fff58577cfee3f37176feab4c22e00f86d7f77"
  integrity sha1-Sf/1hXfP7j83F2/qtMIuAPhtf3c=
  dependencies:
    debug "4"

ansi-styles@^3.2.1:
  version "3.2.1"
  resolved "https://nexus.p.whcyit.com/repository/npm-group/ansi-styles/-/ansi-styles-3.2.1.tgz#41fbb20243e50b12be0f04b8dedbf07520ce841d"
  integrity sha1-QfuyAkPlCxK+DwS43tvwdSDOhB0=
  dependencies:
    color-convert "^1.9.0"

argparse@^1.0.7:
  version "1.0.10"
  resolved "https://nexus.p.whcyit.com/repository/npm-group/argparse/-/argparse-1.0.10.tgz#bcd6791ea5ae09725e17e5ad988134cd40b3d911"
  integrity sha1-vNZ5HqWuCXJeF+WtmIE0zUCz2RE=
  dependencies:
    sprintf-js "~1.0.2"

azure-devops-node-api@^10.2.2:
  version "10.2.2"
  resolved "https://nexus.p.whcyit.com/repository/npm-group/azure-devops-node-api/-/azure-devops-node-api-10.2.2.tgz#9f557e622dd07bbaa9bd5e7e84e17c761e2151b2"
  integrity sha1-n1V+Yi3Qe7qpvV5+hOF8dh4hUbI=
  dependencies:
    tunnel "0.0.6"
    typed-rest-client "^1.8.4"

balanced-match@^1.0.0:
  version "1.0.2"
  resolved "https://nexus.p.whcyit.com/repository/npm-group/balanced-match/-/balanced-match-1.0.2.tgz#e83e3a7e3f300b34cb9d87f615fa0cbf357690ee"
  integrity sha1-6D46fj8wCzTLnYf2FfoMvzV2kO4=

big-integer@^1.6.17:
  version "1.6.48"
  resolved "https://nexus.p.whcyit.com/repository/npm-group/big-integer/-/big-integer-1.6.48.tgz#8fd88bd1632cba4a1c8c3e3d7159f08bb95b4b9e"
  integrity sha1-j9iL0WMsukocjD49cVnwi7lbS54=

binary@~0.3.0:
  version "0.3.0"
  resolved "https://nexus.p.whcyit.com/repository/npm-group/binary/-/binary-0.3.0.tgz#9f60553bc5ce8c3386f3b553cff47462adecaa79"
  integrity sha1-n2BVO8XOjDOG87VTz/R0Yq3sqnk=
  dependencies:
    buffers "~0.1.1"
    chainsaw "~0.1.0"

bluebird@~3.4.1:
  version "3.4.7"
  resolved "https://nexus.p.whcyit.com/repository/npm-group/bluebird/-/bluebird-3.4.7.tgz#f72d760be09b7f76d08ed8fae98b289a8d05fab3"
  integrity sha1-9y12C+Cbf3bQjtj66Ysomo0F+rM=

boolbase@^1.0.0:
  version "1.0.0"
  resolved "https://nexus.p.whcyit.com/repository/npm-group/boolbase/-/boolbase-1.0.0.tgz#68dff5fbe60c51eb37725ea9e3ed310dcc1e776e"
  integrity sha1-aN/1++YMUes3cl6p4+0xDcwed24=

brace-expansion@^1.1.7:
  version "1.1.11"
  resolved "https://nexus.p.whcyit.com/repository/npm-group/brace-expansion/-/brace-expansion-1.1.11.tgz#3c7fcbf529d87226f3d2f52b966ff5271eb441dd"
  integrity sha1-PH/L9SnYcibz0vUrlm/1Jx60Qd0=
  dependencies:
    balanced-match "^1.0.0"
    concat-map "0.0.1"

buffer-crc32@~0.2.3:
  version "0.2.13"
  resolved "https://nexus.p.whcyit.com/repository/npm-group/buffer-crc32/-/buffer-crc32-0.2.13.tgz#0d333e3f00eac50aa1454abd30ef8c2a5d9a7242"
  integrity sha1-DTM+PwDqxQqhRUq9MO+MKl2ackI=

buffer-indexof-polyfill@~1.0.0:
  version "1.0.2"
  resolved "https://nexus.p.whcyit.com/repository/npm-group/buffer-indexof-polyfill/-/buffer-indexof-polyfill-1.0.2.tgz#d2732135c5999c64b277fcf9b1abe3498254729c"
  integrity sha1-0nMhNcWZnGSyd/z5savjSYJUcpw=

buffers@~0.1.1:
  version "0.1.1"
  resolved "https://nexus.p.whcyit.com/repository/npm-group/buffers/-/buffers-0.1.1.tgz#b24579c3bed4d6d396aeee6d9a8ae7f5482ab7bb"
  integrity sha1-skV5w77U1tOWru5tmorn9Ugqt7s=

call-bind@^1.0.0:
  version "1.0.2"
  resolved "https://nexus.p.whcyit.com/repository/npm-group/call-bind/-/call-bind-1.0.2.tgz#b1d4e89e688119c3c9a903ad30abb2f6a919be3c"
  integrity sha1-sdTonmiBGcPJqQOtMKuy9qkZvjw=
  dependencies:
    function-bind "^1.1.1"
    get-intrinsic "^1.0.2"

chainsaw@~0.1.0:
  version "0.1.0"
  resolved "https://nexus.p.whcyit.com/repository/npm-group/chainsaw/-/chainsaw-0.1.0.tgz#5eab50b28afe58074d0d58291388828b5e5fbc98"
  integrity sha1-XqtQsor+WAdNDVgpE4iCi15fvJg=
  dependencies:
    traverse ">=0.3.0 <0.4"

chalk@^2.4.2:
  version "2.4.2"
  resolved "https://nexus.p.whcyit.com/repository/npm-group/chalk/-/chalk-2.4.2.tgz#cd42541677a54333cf541a49108c1432b44c9424"
  integrity sha1-zUJUFnelQzPPVBpJEIwUMrRMlCQ=
  dependencies:
    ansi-styles "^3.2.1"
    escape-string-regexp "^1.0.5"
    supports-color "^5.3.0"

cheerio-select@^1.4.0:
  version "1.4.0"
  resolved "https://nexus.p.whcyit.com/repository/npm-group/cheerio-select/-/cheerio-select-1.4.0.tgz#3a16f21e37a2ef0f211d6d1aa4eff054bb22cdc9"
  integrity sha1-OhbyHjei7w8hHW0apO/wVLsizck=
  dependencies:
    css-select "^4.1.2"
    css-what "^5.0.0"
    domelementtype "^2.2.0"
    domhandler "^4.2.0"
    domutils "^2.6.0"

cheerio@^1.0.0-rc.9:
  version "1.0.0-rc.9"
  resolved "https://nexus.p.whcyit.com/repository/npm-group/cheerio/-/cheerio-1.0.0-rc.9.tgz#a3ae6b7ce7af80675302ff836f628e7cb786a67f"
  integrity sha1-o65rfOevgGdTAv+Db2KOfLeGpn8=
  dependencies:
    cheerio-select "^1.4.0"
    dom-serializer "^1.3.1"
    domhandler "^4.2.0"
    htmlparser2 "^6.1.0"
    parse5 "^6.0.1"
    parse5-htmlparser2-tree-adapter "^6.0.1"
    tslib "^2.2.0"

color-convert@^1.9.0:
  version "1.9.3"
  resolved "https://nexus.p.whcyit.com/repository/npm-group/color-convert/-/color-convert-1.9.3.tgz#bb71850690e1f136567de629d2d5471deda4c1e8"
  integrity sha1-u3GFBpDh8TZWfeYp0tVHHe2kweg=
  dependencies:
    color-name "1.1.3"

color-name@1.1.3:
  version "1.1.3"
  resolved "https://nexus.p.whcyit.com/repository/npm-group/color-name/-/color-name-1.1.3.tgz#a7d0558bd89c42f795dd42328f740831ca53bc25"
  integrity sha1-p9BVi9icQveV3UIyj3QIMcpTvCU=

commander@^6.1.0:
  version "6.2.1"
  resolved "https://nexus.p.whcyit.com/repository/npm-group/commander/-/commander-6.2.1.tgz#0792eb682dfbc325999bb2b84fddddba110ac73c"
  integrity sha1-B5LraC37wyWZm7K4T93duhEKxzw=

concat-map@0.0.1:
  version "0.0.1"
  resolved "https://nexus.p.whcyit.com/repository/npm-group/concat-map/-/concat-map-0.0.1.tgz#d8a96bd77fd68df7793a73036a3ba0d5405d477b"
  integrity sha1-2Klr13/Wjfd5OnMDajug1UBdR3s=

core-util-is@~1.0.0:
  version "1.0.2"
  resolved "https://nexus.p.whcyit.com/repository/npm-group/core-util-is/-/core-util-is-1.0.2.tgz#b5fd54220aa2bc5ab57aab7140c940754503c1a7"
  integrity sha1-tf1UIgqivFq1eqtxQMlAdUUDwac=

css-select@^4.1.2:
  version "4.1.2"
  resolved "https://nexus.p.whcyit.com/repository/npm-group/css-select/-/css-select-4.1.2.tgz#8b52b6714ed3a80d8221ec971c543f3b12653286"
  integrity sha1-i1K2cU7TqA2CIeyXHFQ/OxJlMoY=
  dependencies:
    boolbase "^1.0.0"
    css-what "^5.0.0"
    domhandler "^4.2.0"
    domutils "^2.6.0"
    nth-check "^2.0.0"

css-what@^5.0.0:
  version "5.0.1"
  resolved "https://nexus.p.whcyit.com/repository/npm-group/css-what/-/css-what-5.0.1.tgz#3efa820131f4669a8ac2408f9c32e7c7de9f4cad"
  integrity sha1-PvqCATH0ZpqKwkCPnDLnx96fTK0=

debug@4:
  version "4.3.1"
  resolved "https://nexus.p.whcyit.com/repository/npm-group/debug/-/debug-4.3.1.tgz#f0d229c505e0c6d8c49ac553d1b13dc183f6b2ee"
  integrity sha1-8NIpxQXgxtjEmsVT0bE9wYP2su4=
  dependencies:
    ms "2.1.2"

denodeify@^1.2.1:
  version "1.2.1"
  resolved "https://nexus.p.whcyit.com/repository/npm-group/denodeify/-/denodeify-1.2.1.tgz#3a36287f5034e699e7577901052c2e6c94251631"
  integrity sha1-OjYof1A05pnnV3kBBSwubJQlFjE=

dom-serializer@^1.0.1, dom-serializer@^1.3.1:
  version "1.3.2"
  resolved "https://nexus.p.whcyit.com/repository/npm-group/dom-serializer/-/dom-serializer-1.3.2.tgz#6206437d32ceefaec7161803230c7a20bc1b4d91"
  integrity sha1-YgZDfTLO767HFhgDIwx6ILwbTZE=
  dependencies:
    domelementtype "^2.0.1"
    domhandler "^4.2.0"
    entities "^2.0.0"

domelementtype@^2.0.1, domelementtype@^2.2.0:
  version "2.2.0"
  resolved "https://nexus.p.whcyit.com/repository/npm-group/domelementtype/-/domelementtype-2.2.0.tgz#9a0b6c2782ed6a1c7323d42267183df9bd8b1d57"
  integrity sha1-mgtsJ4LtahxzI9QiZxg9+b2LHVc=

domhandler@^4.0.0, domhandler@^4.2.0:
  version "4.2.0"
  resolved "https://nexus.p.whcyit.com/repository/npm-group/domhandler/-/domhandler-4.2.0.tgz#f9768a5f034be60a89a27c2e4d0f74eba0d8b059"
  integrity sha1-+XaKXwNL5gqJonwuTQ9066DYsFk=
  dependencies:
    domelementtype "^2.2.0"

domutils@^2.5.2, domutils@^2.6.0:
  version "2.6.0"
  resolved "https://nexus.p.whcyit.com/repository/npm-group/domutils/-/domutils-2.6.0.tgz#2e15c04185d43fb16ae7057cb76433c6edb938b7"
  integrity sha1-LhXAQYXUP7Fq5wV8t2Qzxu25OLc=
  dependencies:
    dom-serializer "^1.0.1"
    domelementtype "^2.2.0"
    domhandler "^4.2.0"

duplexer2@~0.1.4:
  version "0.1.4"
  resolved "https://nexus.p.whcyit.com/repository/npm-group/duplexer2/-/duplexer2-0.1.4.tgz#8b12dab878c0d69e3e7891051662a32fc6bddcc1"
  integrity sha1-ixLauHjA1p4+eJEFFmKjL8a93ME=
  dependencies:
    readable-stream "^2.0.2"

entities@^2.0.0:
  version "2.2.0"
  resolved "https://nexus.p.whcyit.com/repository/npm-group/entities/-/entities-2.2.0.tgz#098dc90ebb83d8dffa089d55256b351d34c4da55"
  integrity sha1-CY3JDruD2N/6CJ1VJWs1HTTE2lU=

entities@~2.0.0:
  version "2.0.3"
  resolved "https://nexus.p.whcyit.com/repository/npm-group/entities/-/entities-2.0.3.tgz#5c487e5742ab93c15abb5da22759b8590ec03b7f"
  integrity sha1-XEh+V0Krk8Fau12iJ1m4WQ7AO38=

escape-string-regexp@^1.0.5:
  version "1.0.5"
  resolved "https://nexus.p.whcyit.com/repository/npm-group/escape-string-regexp/-/escape-string-regexp-1.0.5.tgz#1b61c0562190a8dff6ae3bb2cf0200ca130b86d4"
  integrity sha1-G2HAViGQqN/2rjuyzwIAyhMLhtQ=

fd-slicer@~1.1.0:
  version "1.1.0"
  resolved "https://nexus.p.whcyit.com/repository/npm-group/fd-slicer/-/fd-slicer-1.1.0.tgz#25c7c89cb1f9077f8891bbe61d8f390eae256f1e"
  integrity sha1-JcfInLH5B3+IkbvmHY85Dq4lbx4=
  dependencies:
    pend "~1.2.0"

fs.realpath@^1.0.0:
  version "1.0.0"
  resolved "https://nexus.p.whcyit.com/repository/npm-group/fs.realpath/-/fs.realpath-1.0.0.tgz#1504ad2523158caa40db4a2787cb01411994ea4f"
  integrity sha1-FQStJSMVjKpA20onh8sBQRmU6k8=

fstream@^1.0.12:
  version "1.0.12"
  resolved "https://nexus.p.whcyit.com/repository/npm-group/fstream/-/fstream-1.0.12.tgz#4e8ba8ee2d48be4f7d0de505455548eae5932045"
  integrity sha1-Touo7i1Ivk99DeUFRVVI6uWTIEU=
  dependencies:
    graceful-fs "^4.1.2"
    inherits "~2.0.0"
    mkdirp ">=0.5 0"
    rimraf "2"

function-bind@^1.1.1:
  version "1.1.1"
  resolved "https://nexus.p.whcyit.com/repository/npm-group/function-bind/-/function-bind-1.1.1.tgz#a56899d3ea3c9bab874bb9773b7c5ede92f4895d"
  integrity sha1-pWiZ0+o8m6uHS7l3O3xe3pL0iV0=

get-intrinsic@^1.0.2:
  version "1.1.1"
  resolved "https://nexus.p.whcyit.com/repository/npm-group/get-intrinsic/-/get-intrinsic-1.1.1.tgz#15f59f376f855c446963948f0d24cd3637b4abc6"
  integrity sha1-FfWfN2+FXERpY5SPDSTNNje0q8Y=
  dependencies:
    function-bind "^1.1.1"
    has "^1.0.3"
    has-symbols "^1.0.1"

glob@^7.0.6, glob@^7.1.3:
  version "7.1.7"
  resolved "https://nexus.p.whcyit.com/repository/npm-group/glob/-/glob-7.1.7.tgz#3b193e9233f01d42d0b3f78294bbeeb418f94a90"
  integrity sha1-Oxk+kjPwHULQs/eClLvutBj5SpA=
  dependencies:
    fs.realpath "^1.0.0"
    inflight "^1.0.4"
    inherits "2"
    minimatch "^3.0.4"
    once "^1.3.0"
    path-is-absolute "^1.0.0"

graceful-fs@^4.1.2, graceful-fs@^4.2.2:
  version "4.2.6"
  resolved "https://nexus.p.whcyit.com/repository/npm-group/graceful-fs/-/graceful-fs-4.2.6.tgz#ff040b2b0853b23c3d31027523706f1885d76bee"
  integrity sha1-/wQLKwhTsjw9MQJ1I3BvGIXXa+4=

has-flag@^3.0.0:
  version "3.0.0"
  resolved "https://nexus.p.whcyit.com/repository/npm-group/has-flag/-/has-flag-3.0.0.tgz#b5d454dc2199ae225699f3467e5a07f3b955bafd"
  integrity sha1-tdRU3CGZriJWmfNGfloH87lVuv0=

has-symbols@^1.0.1:
  version "1.0.2"
  resolved "https://nexus.p.whcyit.com/repository/npm-group/has-symbols/-/has-symbols-1.0.2.tgz#165d3070c00309752a1236a479331e3ac56f1423"
  integrity sha1-Fl0wcMADCXUqEjakeTMeOsVvFCM=

has@^1.0.3:
  version "1.0.3"
  resolved "https://nexus.p.whcyit.com/repository/npm-group/has/-/has-1.0.3.tgz#722d7cbfc1f6aa8241f16dd814e011e1f41e8796"
  integrity sha1-ci18v8H2qoJB8W3YFOAR4fQeh5Y=
  dependencies:
    function-bind "^1.1.1"

htmlparser2@^6.1.0:
  version "6.1.0"
  resolved "https://nexus.p.whcyit.com/repository/npm-group/htmlparser2/-/htmlparser2-6.1.0.tgz#c4d762b6c3371a05dbe65e94ae43a9f845fb8fb7"
  integrity sha1-xNditsM3GgXb5l6UrkOp+EX7j7c=
  dependencies:
    domelementtype "^2.0.1"
    domhandler "^4.0.0"
    domutils "^2.5.2"
    entities "^2.0.0"

http-proxy-agent@^4.0.1:
  version "4.0.1"
  resolved "https://nexus.p.whcyit.com/repository/npm-group/http-proxy-agent/-/http-proxy-agent-4.0.1.tgz#8a8c8ef7f5932ccf953c296ca8291b95aa74aa3a"
  integrity sha1-ioyO9/WTLM+VPClsqCkblap0qjo=
  dependencies:
    "@tootallnate/once" "1"
    agent-base "6"
    debug "4"

https-proxy-agent@^5.0.0:
  version "5.0.0"
  resolved "https://nexus.p.whcyit.com/repository/npm-group/https-proxy-agent/-/https-proxy-agent-5.0.0.tgz#e2a90542abb68a762e0a0850f6c9edadfd8506b2"
  integrity sha1-4qkFQqu2inYuCghQ9sntrf2FBrI=
  dependencies:
    agent-base "6"
    debug "4"

inflight@^1.0.4:
  version "1.0.6"
  resolved "https://nexus.p.whcyit.com/repository/npm-group/inflight/-/inflight-1.0.6.tgz#49bd6331d7d02d0c09bc910a1075ba8165b56df9"
  integrity sha1-Sb1jMdfQLQwJvJEKEHW6gWW1bfk=
  dependencies:
    once "^1.3.0"
    wrappy "1"

inherits@2, inherits@~2.0.0, inherits@~2.0.3:
  version "2.0.4"
  resolved "https://nexus.p.whcyit.com/repository/npm-group/inherits/-/inherits-2.0.4.tgz#0fa2c64f932917c3433a0ded55363aae37416b7c"
  integrity sha1-D6LGT5MpF8NDOg3tVTY6rjdBa3w=

isarray@~1.0.0:
  version "1.0.0"
  resolved "https://nexus.p.whcyit.com/repository/npm-group/isarray/-/isarray-1.0.0.tgz#bb935d48582cba168c06834957a54a3e07124f11"
  integrity sha1-u5NdSFgsuhaMBoNJV6VKPgcSTxE=

jsonc-parser@^1.0.0:
  version "1.0.3"
  resolved "https://nexus.p.whcyit.com/repository/npm-group/jsonc-parser/-/jsonc-parser-1.0.3.tgz#1d53d7160e401a783dbceabaad82473f80e6ad7e"
  integrity sha1-HVPXFg5AGng9vOq6rYJHP4DmrX4=

leven@^3.1.0:
  version "3.1.0"
  resolved "https://nexus.p.whcyit.com/repository/npm-group/leven/-/leven-3.1.0.tgz#77891de834064cccba82ae7842bb6b14a13ed7f2"
  integrity sha1-d4kd6DQGTMy6gq54QrtrFKE+1/I=

linkify-it@^2.0.0:
  version "2.2.0"
  resolved "https://nexus.p.whcyit.com/repository/npm-group/linkify-it/-/linkify-it-2.2.0.tgz#e3b54697e78bf915c70a38acd78fd09e0058b1cf"
  integrity sha1-47VGl+eL+RXHCjis14/QngBYsc8=
  dependencies:
    uc.micro "^1.0.1"

listenercount@~1.0.1:
  version "1.0.1"
  resolved "https://nexus.p.whcyit.com/repository/npm-group/listenercount/-/listenercount-1.0.1.tgz#84c8a72ab59c4725321480c975e6508342e70937"
  integrity sha1-hMinKrWcRyUyFIDJdeZQg0LnCTc=

lodash@^4.17.15:
  version "4.17.21"
  resolved "https://nexus.p.whcyit.com/repository/npm-group/lodash/-/lodash-4.17.21.tgz#679591c564c3bffaae8454cf0b3df370c3d6911c"
  integrity sha1-Z5WRxWTDv/quhFTPCz3zcMPWkRw=

markdown-it@^10.0.0:
  version "10.0.0"
  resolved "https://nexus.p.whcyit.com/repository/npm-group/markdown-it/-/markdown-it-10.0.0.tgz#abfc64f141b1722d663402044e43927f1f50a8dc"
  integrity sha1-q/xk8UGxci1mNAIETkOSfx9QqNw=
  dependencies:
    argparse "^1.0.7"
    entities "~2.0.0"
    linkify-it "^2.0.0"
    mdurl "^1.0.1"
    uc.micro "^1.0.5"

mdurl@^1.0.1:
  version "1.0.1"
  resolved "https://nexus.p.whcyit.com/repository/npm-group/mdurl/-/mdurl-1.0.1.tgz#fe85b2ec75a59037f2adfec100fd6c601761152e"
  integrity sha1-/oWy7HWlkDfyrf7BAP1sYBdhFS4=

mime@^1.3.4:
  version "1.6.0"
  resolved "https://nexus.p.whcyit.com/repository/npm-group/mime/-/mime-1.6.0.tgz#32cd9e5c64553bd58d19a568af452acff04981b1"
  integrity sha1-Ms2eXGRVO9WNGaVor0Uqz/BJgbE=

minimatch@^3.0.3, minimatch@^3.0.4:
  version "3.0.4"
  resolved "https://nexus.p.whcyit.com/repository/npm-group/minimatch/-/minimatch-3.0.4.tgz#5166e286457f03306064be5497e8dbb0c3d32083"
  integrity sha1-UWbihkV/AzBgZL5Ul+jbsMPTIIM=
  dependencies:
    brace-expansion "^1.1.7"

minimist@^1.2.5:
  version "1.2.5"
  resolved "https://nexus.p.whcyit.com/repository/npm-group/minimist/-/minimist-1.2.5.tgz#67d66014b66a6a8aaa0c083c5fd58df4e4e97602"
  integrity sha1-Z9ZgFLZqaoqqDAg8X9WN9OTpdgI=

"mkdirp@>=0.5 0":
  version "0.5.5"
  resolved "https://nexus.p.whcyit.com/repository/npm-group/mkdirp/-/mkdirp-0.5.5.tgz#d91cefd62d1436ca0f41620e251288d420099def"
  integrity sha1-2Rzv1i0UNsoPQWIOJRKI1CAJne8=
  dependencies:
    minimist "^1.2.5"

ms@2.1.2:
  version "2.1.2"
  resolved "https://nexus.p.whcyit.com/repository/npm-group/ms/-/ms-2.1.2.tgz#d09d1f357b443f493382a8eb3ccd183872ae6009"
  integrity sha1-0J0fNXtEP0kzgqjrPM0YOHKuYAk=

mute-stream@~0.0.4:
  version "0.0.8"
  resolved "https://nexus.p.whcyit.com/repository/npm-group/mute-stream/-/mute-stream-0.0.8.tgz#1630c42b2251ff81e2a283de96a5497ea92e5e0d"
  integrity sha1-FjDEKyJR/4HiooPelqVJfqkuXg0=

nth-check@^2.0.0:
  version "2.0.0"
  resolved "https://nexus.p.whcyit.com/repository/npm-group/nth-check/-/nth-check-2.0.0.tgz#1bb4f6dac70072fc313e8c9cd1417b5074c0a125"
  integrity sha1-G7T22scAcvwxPoyc0UF7UHTAoSU=
  dependencies:
    boolbase "^1.0.0"

object-inspect@^1.9.0:
  version "1.10.3"
  resolved "https://nexus.p.whcyit.com/repository/npm-group/object-inspect/-/object-inspect-1.10.3.tgz#c2aa7d2d09f50c99375704f7a0adf24c5782d369"
  integrity sha1-wqp9LQn1DJk3VwT3oK3yTFeC02k=

once@^1.3.0:
  version "1.4.0"
  resolved "https://nexus.p.whcyit.com/repository/npm-group/once/-/once-1.4.0.tgz#583b1aa775961d4b113ac17d9c50baef9dd76bd1"
  integrity sha1-WDsap3WWHUsROsF9nFC6753Xa9E=
  dependencies:
    wrappy "1"

os-homedir@^1.0.0:
  version "1.0.2"
  resolved "https://nexus.p.whcyit.com/repository/npm-group/os-homedir/-/os-homedir-1.0.2.tgz#ffbc4988336e0e833de0c168c7ef152121aa7fb3"
  integrity sha1-/7xJiDNuDoM94MFox+8VISGqf7M=

os-tmpdir@^1.0.0, os-tmpdir@~1.0.1:
  version "1.0.2"
  resolved "https://nexus.p.whcyit.com/repository/npm-group/os-tmpdir/-/os-tmpdir-1.0.2.tgz#bbe67406c79aa85c5cfec766fe5734555dfa1274"
  integrity sha1-u+Z0BseaqFxc/sdm/lc0VV36EnQ=

osenv@^0.1.3:
  version "0.1.5"
  resolved "https://nexus.p.whcyit.com/repository/npm-group/osenv/-/osenv-0.1.5.tgz#85cdfafaeb28e8677f416e287592b5f3f49ea410"
  integrity sha1-hc36+uso6Gd/QW4odZK18/SepBA=
  dependencies:
    os-homedir "^1.0.0"
    os-tmpdir "^1.0.0"

parse-semver@^1.1.1:
  version "1.1.1"
  resolved "https://nexus.p.whcyit.com/repository/npm-group/parse-semver/-/parse-semver-1.1.1.tgz#9a4afd6df063dc4826f93fba4a99cf223f666cb8"
  integrity sha1-mkr9bfBj3Egm+T+6SpnPIj9mbLg=
  dependencies:
    semver "^5.1.0"

parse5-htmlparser2-tree-adapter@^6.0.1:
  version "6.0.1"
  resolved "https://nexus.p.whcyit.com/repository/npm-group/parse5-htmlparser2-tree-adapter/-/parse5-htmlparser2-tree-adapter-6.0.1.tgz#2cdf9ad823321140370d4dbf5d3e92c7c8ddc6e6"
  integrity sha1-LN+a2CMyEUA3DU2/XT6Sx8jdxuY=
  dependencies:
    parse5 "^6.0.1"

parse5@^6.0.1:
  version "6.0.1"
  resolved "https://nexus.p.whcyit.com/repository/npm-group/parse5/-/parse5-6.0.1.tgz#e1a1c085c569b3dc08321184f19a39cc27f7c30b"
  integrity sha1-4aHAhcVps9wIMhGE8Zo5zCf3wws=

path-is-absolute@^1.0.0:
  version "1.0.1"
  resolved "https://nexus.p.whcyit.com/repository/npm-group/path-is-absolute/-/path-is-absolute-1.0.1.tgz#174b9268735534ffbc7ace6bf53a5a9e1b5c5f5f"
  integrity sha1-F0uSaHNVNP+8es5r9TpanhtcX18=

pend@~1.2.0:
  version "1.2.0"
  resolved "https://nexus.p.whcyit.com/repository/npm-group/pend/-/pend-1.2.0.tgz#7a57eb550a6783f9115331fcf4663d5c8e007a50"
  integrity sha1-elfrVQpng/kRUzH89GY9XI4AelA=

process-nextick-args@~2.0.0:
  version "2.0.1"
  resolved "https://nexus.p.whcyit.com/repository/npm-group/process-nextick-args/-/process-nextick-args-2.0.1.tgz#7820d9b16120cc55ca9ae7792680ae7dba6d7fe2"
  integrity sha1-eCDZsWEgzFXKmud5JoCufbptf+I=

qs@^6.9.1:
  version "6.10.1"
  resolved "https://nexus.p.whcyit.com/repository/npm-group/qs/-/qs-6.10.1.tgz#4931482fa8d647a5aab799c5271d2133b981fb6a"
  integrity sha1-STFIL6jWR6Wqt5nFJx0hM7mB+2o=
  dependencies:
    side-channel "^1.0.4"

read@^1.0.7:
  version "1.0.7"
  resolved "https://nexus.p.whcyit.com/repository/npm-group/read/-/read-1.0.7.tgz#b3da19bd052431a97671d44a42634adf710b40c4"
  integrity sha1-s9oZvQUkMal2cdRKQmNK33ELQMQ=
  dependencies:
    mute-stream "~0.0.4"

readable-stream@^2.0.2, readable-stream@~2.3.6:
  version "2.3.7"
  resolved "https://nexus.p.whcyit.com/repository/npm-group/readable-stream/-/readable-stream-2.3.7.tgz#1eca1cf711aef814c04f62252a36a62f6cb23b57"
  integrity sha1-Hsoc9xGu+BTAT2IlKjamL2yyO1c=
  dependencies:
    core-util-is "~1.0.0"
    inherits "~2.0.3"
    isarray "~1.0.0"
    process-nextick-args "~2.0.0"
    safe-buffer "~5.1.1"
    string_decoder "~1.1.1"
    util-deprecate "~1.0.1"

rimraf@2:
  version "2.7.1"
  resolved "https://nexus.p.whcyit.com/repository/npm-group/rimraf/-/rimraf-2.7.1.tgz#35797f13a7fdadc566142c29d4f07ccad483e3ec"
  integrity sha1-NXl/E6f9rcVmFCwp1PB8ytSD4+w=
  dependencies:
    glob "^7.1.3"

rimraf@^3.0.2:
  version "3.0.2"
  resolved "https://nexus.p.whcyit.com/repository/npm-group/rimraf/-/rimraf-3.0.2.tgz#f1a5402ba6220ad52cc1282bac1ae3aa49fd061a"
  integrity sha1-8aVAK6YiCtUswSgrrBrjqkn9Bho=
  dependencies:
    glob "^7.1.3"

safe-buffer@~5.1.0, safe-buffer@~5.1.1:
  version "5.1.2"
  resolved "https://nexus.p.whcyit.com/repository/npm-group/safe-buffer/-/safe-buffer-5.1.2.tgz#991ec69d296e0313747d59bdfd2b745c35f8828d"
  integrity sha1-mR7GnSluAxN0fVm9/St0XDX4go0=

semver@^5.1.0:
  version "5.7.1"
  resolved "https://nexus.p.whcyit.com/repository/npm-group/semver/-/semver-5.7.1.tgz#a954f931aeba508d307bbf069eff0c01c96116f7"
  integrity sha1-qVT5Ma66UI0we78Gnv8MAclhFvc=

setimmediate@~1.0.4:
  version "1.0.5"
  resolved "https://nexus.p.whcyit.com/repository/npm-group/setimmediate/-/setimmediate-1.0.5.tgz#290cbb232e306942d7d7ea9b83732ab7856f8285"
  integrity sha1-KQy7Iy4waULX1+qbg3Mqt4VvgoU=

side-channel@^1.0.4:
  version "1.0.4"
  resolved "https://nexus.p.whcyit.com/repository/npm-group/side-channel/-/side-channel-1.0.4.tgz#efce5c8fdc104ee751b25c58d4290011fa5ea2cf"
  integrity sha1-785cj9wQTudRslxY1CkAEfpeos8=
  dependencies:
    call-bind "^1.0.0"
    get-intrinsic "^1.0.2"
    object-inspect "^1.9.0"

sprintf-js@~1.0.2:
  version "1.0.3"
  resolved "https://nexus.p.whcyit.com/repository/npm-group/sprintf-js/-/sprintf-js-1.0.3.tgz#04e6926f662895354f3dd015203633b857297e2c"
  integrity sha1-BOaSb2YolTVPPdAVIDYzuFcpfiw=

string_decoder@~1.1.1:
  version "1.1.1"
  resolved "https://nexus.p.whcyit.com/repository/npm-group/string_decoder/-/string_decoder-1.1.1.tgz#9cf1611ba62685d7030ae9e4ba34149c3af03fc8"
  integrity sha1-nPFhG6YmhdcDCunkujQUnDrwP8g=
  dependencies:
    safe-buffer "~5.1.0"

supports-color@^5.3.0:
  version "5.5.0"
  resolved "https://nexus.p.whcyit.com/repository/npm-group/supports-color/-/supports-color-5.5.0.tgz#e2e69a44ac8772f78a1ec0b35b689df6530efc8f"
  integrity sha1-4uaaRKyHcveKHsCzW2id9lMO/I8=
  dependencies:
    has-flag "^3.0.0"

tmp@0.0.29:
  version "0.0.29"
  resolved "https://nexus.p.whcyit.com/repository/npm-group/tmp/-/tmp-0.0.29.tgz#f25125ff0dd9da3ccb0c2dd371ee1288bb9128c0"
  integrity sha1-8lEl/w3Z2jzLDC3Tce4SiLuRKMA=
  dependencies:
    os-tmpdir "~1.0.1"

"traverse@>=0.3.0 <0.4":
  version "0.3.9"
  resolved "https://nexus.p.whcyit.com/repository/npm-group/traverse/-/traverse-0.3.9.tgz#717b8f220cc0bb7b44e40514c22b2e8bbc70d8b9"
  integrity sha1-cXuPIgzAu3tE5AUUwisui7xw2Lk=

tslib@^2.2.0:
  version "2.2.0"
  resolved "https://nexus.p.whcyit.com/repository/npm-group/tslib/-/tslib-2.2.0.tgz#fb2c475977e35e241311ede2693cee1ec6698f5c"
  integrity sha1-+yxHWXfjXiQTEe3iaTzuHsZpj1w=

tunnel@0.0.6:
  version "0.0.6"
  resolved "https://nexus.p.whcyit.com/repository/npm-group/tunnel/-/tunnel-0.0.6.tgz#72f1314b34a5b192db012324df2cc587ca47f92c"
  integrity sha1-cvExSzSlsZLbASMk3yzFh8pH+Sw=

typed-rest-client@^1.8.4:
  version "1.8.4"
  resolved "https://nexus.p.whcyit.com/repository/npm-group/typed-rest-client/-/typed-rest-client-1.8.4.tgz#ba3fb788e5b9322547406392533f12d660a5ced6"
  integrity sha1-uj+3iOW5MiVHQGOSUz8S1mClztY=
  dependencies:
    qs "^6.9.1"
    tunnel "0.0.6"
    underscore "^1.12.1"

typescript-lit-html-plugin@^0.9.0:
  version "0.9.0"
  resolved "https://nexus.p.whcyit.com/repository/npm-group/typescript-lit-html-plugin/-/typescript-lit-html-plugin-0.9.0.tgz#013ac13407bf7b09410b544f9c11497cdc93a187"
  integrity sha1-ATrBNAe/ewlBC1RPnBFJfNyToYc=
  dependencies:
    typescript-styled-plugin "^0.13.0"
    typescript-template-language-service-decorator "^2.2.0"
    vscode-html-languageservice "^2.1.10"
    vscode-languageserver-types "^3.13.0"

typescript-styled-plugin@^0.13.0:
  version "0.13.0"
  resolved "https://nexus.p.whcyit.com/repository/npm-group/typescript-styled-plugin/-/typescript-styled-plugin-0.13.0.tgz#e5d3d1293b9b85cffd473f01a7f4917ad6035ee5"
  integrity sha1-5dPRKTubhc/9Rz8Bp/SRetYDXuU=
  dependencies:
    typescript-template-language-service-decorator "^2.0.0"
    vscode-css-languageservice "^3.0.12"
    vscode-emmet-helper "1.2.11"
    vscode-languageserver-types "^3.13.0"

typescript-template-language-service-decorator@^2.0.0, typescript-template-language-service-decorator@^2.2.0:
  version "2.2.0"
  resolved "https://nexus.p.whcyit.com/repository/npm-group/typescript-template-language-service-decorator/-/typescript-template-language-service-decorator-2.2.0.tgz#4ee6d580f307fb9239978e69626f2775b8a59b2a"
  integrity sha1-TubVgPMH+5I5l45pYm8ndbilmyo=

typescript@^4.3.2:
  version "4.3.2"
  resolved "https://nexus.p.whcyit.com/repository/npm-group/typescript/-/typescript-4.3.2.tgz#399ab18aac45802d6f2498de5054fcbbe716a805"
  integrity sha1-OZqxiqxFgC1vJJjeUFT8u+cWqAU=

uc.micro@^1.0.1, uc.micro@^1.0.5:
  version "1.0.6"
  resolved "https://nexus.p.whcyit.com/repository/npm-group/uc.micro/-/uc.micro-1.0.6.tgz#9c411a802a409a91fc6cf74081baba34b24499ac"
  integrity sha1-nEEagCpAmpH8bPdAgbq6NLJEmaw=

underscore@^1.12.1:
  version "1.13.1"
  resolved "https://nexus.p.whcyit.com/repository/npm-group/underscore/-/underscore-1.13.1.tgz#0c1c6bd2df54b6b69f2314066d65b6cde6fcf9d1"
  integrity sha1-DBxr0t9UtrafIxQGbWW2zeb8+dE=

unzipper@^0.10.11:
  version "0.10.11"
  resolved "https://nexus.p.whcyit.com/repository/npm-group/unzipper/-/unzipper-0.10.11.tgz#0b4991446472cbdb92ee7403909f26c2419c782e"
  integrity sha1-C0mRRGRyy9uS7nQDkJ8mwkGceC4=
  dependencies:
    big-integer "^1.6.17"
    binary "~0.3.0"
    bluebird "~3.4.1"
    buffer-indexof-polyfill "~1.0.0"
    duplexer2 "~0.1.4"
    fstream "^1.0.12"
    graceful-fs "^4.2.2"
    listenercount "~1.0.1"
    readable-stream "~2.3.6"
    setimmediate "~1.0.4"

url-join@^1.1.0:
  version "1.1.0"
  resolved "https://nexus.p.whcyit.com/repository/npm-group/url-join/-/url-join-1.1.0.tgz#741c6c2f4596c4830d6718460920d0c92202dc78"
  integrity sha1-dBxsL0WWxIMNZxhGCSDQySIC3Hg=

util-deprecate@~1.0.1:
  version "1.0.2"
  resolved "https://nexus.p.whcyit.com/repository/npm-group/util-deprecate/-/util-deprecate-1.0.2.tgz#450d4dc9fa70de732762fbd2d4a28981419a0ccf"
  integrity sha1-RQ1Nyfpw3nMnYvvS1KKJgUGaDM8=

vsce@^1.91.0:
  version "1.91.0"
  resolved "https://nexus.p.whcyit.com/repository/npm-group/vsce/-/vsce-1.91.0.tgz#e58cdfa364fa553cd8b623779323f501f6aec0ec"
  integrity sha1-5Yzfo2T6VTzYtiN3kyP1AfauwOw=
  dependencies:
    azure-devops-node-api "^10.2.2"
    chalk "^2.4.2"
    cheerio "^1.0.0-rc.9"
    commander "^6.1.0"
    denodeify "^1.2.1"
    glob "^7.0.6"
    leven "^3.1.0"
    lodash "^4.17.15"
    markdown-it "^10.0.0"
    mime "^1.3.4"
    minimatch "^3.0.3"
    osenv "^0.1.3"
    parse-semver "^1.1.1"
    read "^1.0.7"
    semver "^5.1.0"
    tmp "0.0.29"
    typed-rest-client "^1.8.4"
    url-join "^1.1.0"
    yauzl "^2.3.1"
    yazl "^2.2.2"

vscode-css-languageservice@^3.0.12:
  version "3.0.13"
  resolved "https://nexus.p.whcyit.com/repository/npm-group/vscode-css-languageservice/-/vscode-css-languageservice-3.0.13.tgz#1788735b65fde54181ea458e6a52cc2bd6dd9126"
  integrity sha1-F4hzW2X95UGB6kWOalLMK9bdkSY=
  dependencies:
    vscode-languageserver-types "^3.13.0"
    vscode-nls "^4.0.0"

vscode-emmet-helper@1.2.11:
  version "1.2.11"
  resolved "https://nexus.p.whcyit.com/repository/npm-group/vscode-emmet-helper/-/vscode-emmet-helper-1.2.11.tgz#4de78223666bf917eb6dc4b225b6c40f6901950c"
  integrity sha1-TeeCI2Zr+RfrbcSyJbbED2kBlQw=
  dependencies:
    "@emmetio/extract-abbreviation" "0.1.6"
    jsonc-parser "^1.0.0"
    vscode-languageserver-types "^3.6.0-next.1"

vscode-html-languageservice@^2.1.10:
  version "2.1.12"
  resolved "https://nexus.p.whcyit.com/repository/npm-group/vscode-html-languageservice/-/vscode-html-languageservice-2.1.12.tgz#b4f9e23cac6fea74d4c9825fb4a4ef9bf313785e"
  integrity sha1-tPniPKxv6nTUyYJftKTvm/MTeF4=
  dependencies:
    vscode-languageserver-types "^3.13.0"
    vscode-nls "^4.0.0"
    vscode-uri "^1.0.6"

vscode-languageserver-types@^3.13.0, vscode-languageserver-types@^3.6.0-next.1:
  version "3.16.0"
  resolved "https://nexus.p.whcyit.com/repository/npm-group/vscode-languageserver-types/-/vscode-languageserver-types-3.16.0.tgz#ecf393fc121ec6974b2da3efb3155644c514e247"
  integrity sha1-7POT/BIexpdLLaPvsxVWRMUU4kc=

vscode-nls@^4.0.0:
  version "4.1.2"
  resolved "https://nexus.p.whcyit.com/repository/npm-group/vscode-nls/-/vscode-nls-4.1.2.tgz#ca8bf8bb82a0987b32801f9fddfdd2fb9fd3c167"
  integrity sha1-yov4u4KgmHsygB+f3f3S+5/TwWc=

vscode-test@^1.5.2:
  version "1.5.2"
  resolved "https://nexus.p.whcyit.com/repository/npm-group/vscode-test/-/vscode-test-1.5.2.tgz#d9ec3cab1815afae1d7d81923e3c685d13d32303"
  integrity sha1-2ew8qxgVr64dfYGSPjxoXRPTIwM=
  dependencies:
    http-proxy-agent "^4.0.1"
    https-proxy-agent "^5.0.0"
    rimraf "^3.0.2"
    unzipper "^0.10.11"

vscode-uri@^1.0.6:
  version "1.0.8"
  resolved "https://nexus.p.whcyit.com/repository/npm-group/vscode-uri/-/vscode-uri-1.0.8.tgz#9769aaececae4026fb6e22359cb38946580ded59"
  integrity sha1-l2mq7OyuQCb7biI1nLOJRlgN7Vk=

wrappy@1:
  version "1.0.2"
  resolved "https://nexus.p.whcyit.com/repository/npm-group/wrappy/-/wrappy-1.0.2.tgz#b5243d8f3ec1aa35f1364605bc0d1036e30ab69f"
  integrity sha1-tSQ9jz7BqjXxNkYFvA0QNuMKtp8=

yauzl@^2.3.1:
  version "2.10.0"
  resolved "https://nexus.p.whcyit.com/repository/npm-group/yauzl/-/yauzl-2.10.0.tgz#c7eb17c93e112cb1086fa6d8e51fb0667b79a5f9"
  integrity sha1-x+sXyT4RLLEIb6bY5R+wZnt5pfk=
  dependencies:
    buffer-crc32 "~0.2.3"
    fd-slicer "~1.1.0"

yazl@^2.2.2:
  version "2.5.1"
  resolved "https://nexus.p.whcyit.com/repository/npm-group/yazl/-/yazl-2.5.1.tgz#a3d65d3dd659a5b0937850e8609f22fffa2b5c35"
  integrity sha1-o9ZdPdZZpbCTeFDoYJ8i//orXDU=
  dependencies:
    buffer-crc32 "~0.2.3"
